
Microsoft Visual Studio Solution File, Format Version 12.00
# Visual Studio Version 17
VisualStudioVersion = 17.3.32811.315
MinimumVisualStudioVersion = 10.0.40219.1
Project("{FAE04EC0-301F-11D3-BF4B-00C04F79EFBC}") = "SecondTray", "SecondTray\SecondTray.csproj", "{9A209B97-0753-4B87-B6DE-473C85075B2F}"
EndProject
Global
	GlobalSection(SolutionConfigurationPlatforms) = preSolution
		Debug|Any CPU = Debug|Any CPU
		Release|Any CPU = Release|Any CPU
	EndGlobalSection
	GlobalSection(ProjectConfigurationPlatforms) = postSolution
		{9A209B97-0753-4B87-B6DE-473C85075B2F}.Debug|Any CPU.ActiveCfg = Debug|Any CPU
		{9A209B97-0753-4B87-B6DE-473C85075B2F}.Debug|Any CPU.Build.0 = Debug|Any CPU
		{9A209B97-0753-4B87-B6DE-473C85075B2F}.Release|Any CPU.ActiveCfg = Release|Any CPU
		{9A209B97-0753-4B87-B6DE-473C85075B2F}.Release|Any CPU.Build.0 = Release|Any CPU
	EndGlobalSection
	GlobalSection(SolutionProperties) = preSolution
		HideSolutionNode = FALSE
	EndGlobalSection
	GlobalSection(ExtensibilityGlobals) = postSolution
		SolutionGuid = {C3F8AB5F-C684-4C8B-8EE5-67518137B6C5}
	EndGlobalSection
EndGlobal
